
Microsoft Visual Studio Solution File, Format Version 12.00
# Visual Studio Version 17
VisualStudioVersion = 17.2.32519.379
MinimumVisualStudioVersion = 10.0.40219.1
Project("{FAE04EC0-301F-11D3-BF4B-00C04F79EFBC}") = "SigmaHW", "SigmaHW\SigmaHW.csproj", "{F0BA9A35-0B20-4EB5-8CDC-35309855541C}"
EndProject
Project("{FAE04EC0-301F-11D3-BF4B-00C04F79EFBC}") = "Products.Task1-Task2", "Products.Task1-Task2\Products.Task1-Task2.csproj", "{670FCA02-7CE8-4FE2-BF5A-30302DCFD840}"
EndProject
Project("{FAE04EC0-301F-11D3-BF4B-00C04F79EFBC}") = "Task2", "Task2\Task2.csproj", "{2F0AC3D5-DBB8-4E01-B2FE-42AC137FA62C}"
EndProject
Project("{FAE04EC0-301F-11D3-BF4B-00C04F79EFBC}") = "Task3", "Task3\Task3.csproj", "{5914C9D3-F7ED-46D6-BA6F-897A088FC2F6}"
EndProject
Project("{FAE04EC0-301F-11D3-BF4B-00C04F79EFBC}") = "Task4", "Task4\Task4.csproj", "{7F528F30-E059-4DD5-A48C-5FBE8E6B934F}"
EndProject
Project("{FAE04EC0-301F-11D3-BF4B-00C04F79EFBC}") = "Task6", "Task6\Task6.csproj", "{B9538E75-EB32-4A66-ADAE-46132260DCD0}"
EndProject
Project("{FAE04EC0-301F-11D3-BF4B-00C04F79EFBC}") = "Task5", "Task5\Task5.csproj", "{2EF0570E-05EB-4ACC-A4D8-4DFDD0447760}"
EndProject
Project("{FAE04EC0-301F-11D3-BF4B-00C04F79EFBC}") = "Task7", "Task7\Task7.csproj", "{ECDC05FD-48BF-4498-A923-9900E27F5218}"
EndProject
Project("{FAE04EC0-301F-11D3-BF4B-00C04F79EFBC}") = "Task8_1", "Task8_1\Task8_1.csproj", "{56320902-1CA6-4B5F-9522-467FEE9511F4}"
EndProject
Project("{FAE04EC0-301F-11D3-BF4B-00C04F79EFBC}") = "Task10", "Task10\Task10.csproj", "{B03A4A15-B5E5-477C-8EBC-861324AB5E58}"
EndProject
Project("{FAE04EC0-301F-11D3-BF4B-00C04F79EFBC}") = "Task8_3", "Task8_3\Task8_3.csproj", "{041A2B79-4025-4B32-B754-9AA9A23EDC9B}"
EndProject
Project("{FAE04EC0-301F-11D3-BF4B-00C04F79EFBC}") = "Task8_2", "Task8_2\Task8_2.csproj", "{52B9F93B-B12F-4B24-AA62-C31748FC544C}"
EndProject
Project("{FAE04EC0-301F-11D3-BF4B-00C04F79EFBC}") = "Task9", "Task9\Task9.csproj", "{F46B1193-FABF-4569-B584-6A331E7D7644}"
EndProject
Global
	GlobalSection(SolutionConfigurationPlatforms) = preSolution
		Debug|Any CPU = Debug|Any CPU
		Release|Any CPU = Release|Any CPU
	EndGlobalSection
	GlobalSection(ProjectConfigurationPlatforms) = postSolution
		{F0BA9A35-0B20-4EB5-8CDC-35309855541C}.Debug|Any CPU.ActiveCfg = Debug|Any CPU
		{F0BA9A35-0B20-4EB5-8CDC-35309855541C}.Debug|Any CPU.Build.0 = Debug|Any CPU
		{F0BA9A35-0B20-4EB5-8CDC-35309855541C}.Release|Any CPU.ActiveCfg = Release|Any CPU
		{F0BA9A35-0B20-4EB5-8CDC-35309855541C}.Release|Any CPU.Build.0 = Release|Any CPU
		{670FCA02-7CE8-4FE2-BF5A-30302DCFD840}.Debug|Any CPU.ActiveCfg = Debug|Any CPU
		{670FCA02-7CE8-4FE2-BF5A-30302DCFD840}.Debug|Any CPU.Build.0 = Debug|Any CPU
		{670FCA02-7CE8-4FE2-BF5A-30302DCFD840}.Release|Any CPU.ActiveCfg = Release|Any CPU
		{670FCA02-7CE8-4FE2-BF5A-30302DCFD840}.Release|Any CPU.Build.0 = Release|Any CPU
		{2F0AC3D5-DBB8-4E01-B2FE-42AC137FA62C}.Debug|Any CPU.ActiveCfg = Debug|Any CPU
		{2F0AC3D5-DBB8-4E01-B2FE-42AC137FA62C}.Debug|Any CPU.Build.0 = Debug|Any CPU
		{2F0AC3D5-DBB8-4E01-B2FE-42AC137FA62C}.Release|Any CPU.ActiveCfg = Release|Any CPU
		{2F0AC3D5-DBB8-4E01-B2FE-42AC137FA62C}.Release|Any CPU.Build.0 = Release|Any CPU
		{5914C9D3-F7ED-46D6-BA6F-897A088FC2F6}.Debug|Any CPU.ActiveCfg = Debug|Any CPU
		{5914C9D3-F7ED-46D6-BA6F-897A088FC2F6}.Debug|Any CPU.Build.0 = Debug|Any CPU
		{5914C9D3-F7ED-46D6-BA6F-897A088FC2F6}.Release|Any CPU.ActiveCfg = Release|Any CPU
		{5914C9D3-F7ED-46D6-BA6F-897A088FC2F6}.Release|Any CPU.Build.0 = Release|Any CPU
		{7F528F30-E059-4DD5-A48C-5FBE8E6B934F}.Debug|Any CPU.ActiveCfg = Debug|Any CPU
		{7F528F30-E059-4DD5-A48C-5FBE8E6B934F}.Debug|Any CPU.Build.0 = Debug|Any CPU
		{7F528F30-E059-4DD5-A48C-5FBE8E6B934F}.Release|Any CPU.ActiveCfg = Release|Any CPU
		{7F528F30-E059-4DD5-A48C-5FBE8E6B934F}.Release|Any CPU.Build.0 = Release|Any CPU
		{B9538E75-EB32-4A66-ADAE-46132260DCD0}.Debug|Any CPU.ActiveCfg = Debug|Any CPU
		{B9538E75-EB32-4A66-ADAE-46132260DCD0}.Debug|Any CPU.Build.0 = Debug|Any CPU
		{B9538E75-EB32-4A66-ADAE-46132260DCD0}.Release|Any CPU.ActiveCfg = Release|Any CPU
		{B9538E75-EB32-4A66-ADAE-46132260DCD0}.Release|Any CPU.Build.0 = Release|Any CPU
		{2EF0570E-05EB-4ACC-A4D8-4DFDD0447760}.Debug|Any CPU.ActiveCfg = Debug|Any CPU
		{2EF0570E-05EB-4ACC-A4D8-4DFDD0447760}.Debug|Any CPU.Build.0 = Debug|Any CPU
		{2EF0570E-05EB-4ACC-A4D8-4DFDD0447760}.Release|Any CPU.ActiveCfg = Release|Any CPU
		{2EF0570E-05EB-4ACC-A4D8-4DFDD0447760}.Release|Any CPU.Build.0 = Release|Any CPU
		{ECDC05FD-48BF-4498-A923-9900E27F5218}.Debug|Any CPU.ActiveCfg = Debug|Any CPU
		{ECDC05FD-48BF-4498-A923-9900E27F5218}.Debug|Any CPU.Build.0 = Debug|Any CPU
		{ECDC05FD-48BF-4498-A923-9900E27F5218}.Release|Any CPU.ActiveCfg = Release|Any CPU
		{ECDC05FD-48BF-4498-A923-9900E27F5218}.Release|Any CPU.Build.0 = Release|Any CPU
		{56320902-1CA6-4B5F-9522-467FEE9511F4}.Debug|Any CPU.ActiveCfg = Debug|Any CPU
		{56320902-1CA6-4B5F-9522-467FEE9511F4}.Debug|Any CPU.Build.0 = Debug|Any CPU
		{56320902-1CA6-4B5F-9522-467FEE9511F4}.Release|Any CPU.ActiveCfg = Release|Any CPU
		{56320902-1CA6-4B5F-9522-467FEE9511F4}.Release|Any CPU.Build.0 = Release|Any CPU
		{B03A4A15-B5E5-477C-8EBC-861324AB5E58}.Debug|Any CPU.ActiveCfg = Debug|Any CPU
		{B03A4A15-B5E5-477C-8EBC-861324AB5E58}.Debug|Any CPU.Build.0 = Debug|Any CPU
		{B03A4A15-B5E5-477C-8EBC-861324AB5E58}.Release|Any CPU.ActiveCfg = Release|Any CPU
		{B03A4A15-B5E5-477C-8EBC-861324AB5E58}.Release|Any CPU.Build.0 = Release|Any CPU
		{041A2B79-4025-4B32-B754-9AA9A23EDC9B}.Debug|Any CPU.ActiveCfg = Debug|Any CPU
		{041A2B79-4025-4B32-B754-9AA9A23EDC9B}.Debug|Any CPU.Build.0 = Debug|Any CPU
		{041A2B79-4025-4B32-B754-9AA9A23EDC9B}.Release|Any CPU.ActiveCfg = Release|Any CPU
		{041A2B79-4025-4B32-B754-9AA9A23EDC9B}.Release|Any CPU.Build.0 = Release|Any CPU
		{52B9F93B-B12F-4B24-AA62-C31748FC544C}.Debug|Any CPU.ActiveCfg = Debug|Any CPU
		{52B9F93B-B12F-4B24-AA62-C31748FC544C}.Debug|Any CPU.Build.0 = Debug|Any CPU
		{52B9F93B-B12F-4B24-AA62-C31748FC544C}.Release|Any CPU.ActiveCfg = Release|Any CPU
		{52B9F93B-B12F-4B24-AA62-C31748FC544C}.Release|Any CPU.Build.0 = Release|Any CPU
		{F46B1193-FABF-4569-B584-6A331E7D7644}.Debug|Any CPU.ActiveCfg = Debug|Any CPU
		{F46B1193-FABF-4569-B584-6A331E7D7644}.Debug|Any CPU.Build.0 = Debug|Any CPU
		{F46B1193-FABF-4569-B584-6A331E7D7644}.Release|Any CPU.ActiveCfg = Release|Any CPU
		{F46B1193-FABF-4569-B584-6A331E7D7644}.Release|Any CPU.Build.0 = Release|Any CPU
	EndGlobalSection
	GlobalSection(SolutionProperties) = preSolution
		HideSolutionNode = FALSE
	EndGlobalSection
	GlobalSection(ExtensibilityGlobals) = postSolution
		SolutionGuid = {640EF67C-FD5F-475C-90B7-9CC55A76D918}
	EndGlobalSection
EndGlobal
